
Microsoft Visual Studio Solution File, Format Version 12.00
# Visual Studio Version 17
VisualStudioVersion = 17.0.31903.59
MinimumVisualStudioVersion = 10.0.40219.1
Project("{2150E333-8FDC-42A3-9474-1A3956D46DE8}") = "src", "src", "{827E0CD3-B72D-47B6-A68D-7590B98EB39B}"
EndProject
Project("{FAE04EC0-301F-11D3-BF4B-00C04F79EFBC}") = "PersistentChatClient.EntityFramework", "src\PersistentChatClient.EntityFramework\PersistentChatClient.EntityFramework.csproj", "{6FE727B6-578E-4A01-8E01-50FFF60A0CA9}"
EndProject
Project("{FAE04EC0-301F-11D3-BF4B-00C04F79EFBC}") = "PersistentChatClient", "src\PersistentChatClient\PersistentChatClient.csproj", "{D5B3D4ED-B912-4089-B286-C8A9DC945420}"
EndProject
Project("{FAE04EC0-301F-11D3-BF4B-00C04F79EFBC}") = "PersistentChatClient.Tests", "tests\PersistentChatClient.Tests\PersistentChatClient.Tests.csproj", "{4D846609-8932-4E8F-8F2F-D647553C7C88}"
EndProject
Global
	GlobalSection(SolutionConfigurationPlatforms) = preSolution
		Debug|Any CPU = Debug|Any CPU
		Debug|x64 = Debug|x64
		Debug|x86 = Debug|x86
		Release|Any CPU = Release|Any CPU
		Release|x64 = Release|x64
		Release|x86 = Release|x86
	EndGlobalSection
	GlobalSection(ProjectConfigurationPlatforms) = postSolution
		{6FE727B6-578E-4A01-8E01-50FFF60A0CA9}.Debug|Any CPU.ActiveCfg = Debug|Any CPU
		{6FE727B6-578E-4A01-8E01-50FFF60A0CA9}.Debug|Any CPU.Build.0 = Debug|Any CPU
		{6FE727B6-578E-4A01-8E01-50FFF60A0CA9}.Debug|x64.ActiveCfg = Debug|Any CPU
		{6FE727B6-578E-4A01-8E01-50FFF60A0CA9}.Debug|x64.Build.0 = Debug|Any CPU
		{6FE727B6-578E-4A01-8E01-50FFF60A0CA9}.Debug|x86.ActiveCfg = Debug|Any CPU
		{6FE727B6-578E-4A01-8E01-50FFF60A0CA9}.Debug|x86.Build.0 = Debug|Any CPU
		{6FE727B6-578E-4A01-8E01-50FFF60A0CA9}.Release|Any CPU.ActiveCfg = Release|Any CPU
		{6FE727B6-578E-4A01-8E01-50FFF60A0CA9}.Release|Any CPU.Build.0 = Release|Any CPU
		{6FE727B6-578E-4A01-8E01-50FFF60A0CA9}.Release|x64.ActiveCfg = Release|Any CPU
		{6FE727B6-578E-4A01-8E01-50FFF60A0CA9}.Release|x64.Build.0 = Release|Any CPU
		{6FE727B6-578E-4A01-8E01-50FFF60A0CA9}.Release|x86.ActiveCfg = Release|Any CPU
		{6FE727B6-578E-4A01-8E01-50FFF60A0CA9}.Release|x86.Build.0 = Release|Any CPU
		{D5B3D4ED-B912-4089-B286-C8A9DC945420}.Debug|Any CPU.ActiveCfg = Debug|Any CPU
		{D5B3D4ED-B912-4089-B286-C8A9DC945420}.Debug|Any CPU.Build.0 = Debug|Any CPU
		{D5B3D4ED-B912-4089-B286-C8A9DC945420}.Debug|x64.ActiveCfg = Debug|Any CPU
		{D5B3D4ED-B912-4089-B286-C8A9DC945420}.Debug|x64.Build.0 = Debug|Any CPU
		{D5B3D4ED-B912-4089-B286-C8A9DC945420}.Debug|x86.ActiveCfg = Debug|Any CPU
		{D5B3D4ED-B912-4089-B286-C8A9DC945420}.Debug|x86.Build.0 = Debug|Any CPU
		{D5B3D4ED-B912-4089-B286-C8A9DC945420}.Release|Any CPU.ActiveCfg = Release|Any CPU
		{D5B3D4ED-B912-4089-B286-C8A9DC945420}.Release|Any CPU.Build.0 = Release|Any CPU
		{D5B3D4ED-B912-4089-B286-C8A9DC945420}.Release|x64.ActiveCfg = Release|Any CPU
		{D5B3D4ED-B912-4089-B286-C8A9DC945420}.Release|x64.Build.0 = Release|Any CPU
		{D5B3D4ED-B912-4089-B286-C8A9DC945420}.Release|x86.ActiveCfg = Release|Any CPU
		{D5B3D4ED-B912-4089-B286-C8A9DC945420}.Release|x86.Build.0 = Release|Any CPU
		{4D846609-8932-4E8F-8F2F-D647553C7C88}.Debug|Any CPU.ActiveCfg = Debug|Any CPU
		{4D846609-8932-4E8F-8F2F-D647553C7C88}.Debug|Any CPU.Build.0 = Debug|Any CPU
		{4D846609-8932-4E8F-8F2F-D647553C7C88}.Debug|x64.ActiveCfg = Debug|Any CPU
		{4D846609-8932-4E8F-8F2F-D647553C7C88}.Debug|x64.Build.0 = Debug|Any CPU
		{4D846609-8932-4E8F-8F2F-D647553C7C88}.Debug|x86.ActiveCfg = Debug|Any CPU
		{4D846609-8932-4E8F-8F2F-D647553C7C88}.Debug|x86.Build.0 = Debug|Any CPU
		{4D846609-8932-4E8F-8F2F-D647553C7C88}.Release|Any CPU.ActiveCfg = Release|Any CPU
		{4D846609-8932-4E8F-8F2F-D647553C7C88}.Release|Any CPU.Build.0 = Release|Any CPU
		{4D846609-8932-4E8F-8F2F-D647553C7C88}.Release|x64.ActiveCfg = Release|Any CPU
		{4D846609-8932-4E8F-8F2F-D647553C7C88}.Release|x64.Build.0 = Release|Any CPU
		{4D846609-8932-4E8F-8F2F-D647553C7C88}.Release|x86.ActiveCfg = Release|Any CPU
		{4D846609-8932-4E8F-8F2F-D647553C7C88}.Release|x86.Build.0 = Release|Any CPU
	EndGlobalSection
	GlobalSection(SolutionProperties) = preSolution
		HideSolutionNode = FALSE
	EndGlobalSection
	GlobalSection(NestedProjects) = preSolution
		{6FE727B6-578E-4A01-8E01-50FFF60A0CA9} = {827E0CD3-B72D-47B6-A68D-7590B98EB39B}
		{D5B3D4ED-B912-4089-B286-C8A9DC945420} = {827E0CD3-B72D-47B6-A68D-7590B98EB39B}
		{4D846609-8932-4E8F-8F2F-D647553C7C88} = {827E0CD3-B72D-47B6-A68D-7590B98EB39B}
	EndGlobalSection
EndGlobal
